PODS:
  - boost-for-react-native (1.63.0)
  - BVLinearGradient (2.5.6):
    - React
  - DoubleConversion (1.1.6)
  - EXConstants (9.2.0):
    - UMConstantsInterface
    - UMCore
  - EXFileSystem (9.2.0):
    - UMCore
    - UMFileSystemInterface
  - EXImageLoader (1.2.0):
    - React-Core
    - UMCore
    - UMImageLoaderInterface
  - EXPermissions (9.3.0):
    - UMCore
    - UMPermissionsInterface
  - EXSecureStore (9.2.0):
    - UMCore
  - FBLazyVector (0.63.2)
  - FBReactNativeSpec (0.63.2):
    - Folly (= 2020.01.13.00)
    - RCTRequired (= 0.63.2)
    - RCTTypeSafety (= 0.63.2)
    - React-Core (= 0.63.2)
    - React-jsi (= 0.63.2)
    - ReactCommon/turbomodule/core (= 0.63.2)
  - Folly (2020.01.13.00):
    - boost-for-react-native
    - DoubleConversion
    - Folly/Default (= 2020.01.13.00)
    - glog
  - Folly/Default (2020.01.13.00):
    - boost-for-react-native
    - DoubleConversion
    - glog
  - glog (0.3.5)
  - MultiplatformBleAdapter (0.1.6)
  - Permission-Camera (2.2.2):
    - RNPermissions
  - PromisesObjC (1.2.11)
  - RCTRequired (0.63.2)
  - RCTTypeSafety (0.63.2):
    - FBLazyVector (= 0.63.2)
    - Folly (= 2020.01.13.00)
    - RCTRequired (= 0.63.2)
    - React-Core (= 0.63.2)
  - React (0.63.2):
    - React-Core (= 0.63.2)
    - React-Core/DevSupport (= 0.63.2)
    - React-Core/RCTWebSocket (= 0.63.2)
    - React-RCTActionSheet (= 0.63.2)
    - React-RCTAnimation (= 0.63.2)
    - React-RCTBlob (= 0.63.2)
    - React-RCTImage (= 0.63.2)
    - React-RCTLinking (= 0.63.2)
    - React-RCTNetwork (= 0.63.2)
    - React-RCTSettings (= 0.63.2)
    - React-RCTText (= 0.63.2)
    - React-RCTVibration (= 0.63.2)
  - React-callinvoker (0.63.2)
  - React-Core (0.63.2):
    - Folly (= 2020.01.13.00)
    - glog
    - React-Core/Default (= 0.63.2)
    - React-cxxreact (= 0.63.2)
    - React-jsi (= 0.63.2)
    - React-jsiexecutor (= 0.63.2)
    - Yoga
  - React-Core/CoreModulesHeaders (0.63.2):
    - Folly (= 2020.01.13.00)
    - glog
    - React-Core/Default
    - React-cxxreact (= 0.63.2)
    - React-jsi (= 0.63.2)
    - React-jsiexecutor (= 0.63.2)
    - Yoga
  - React-Core/Default (0.63.2):
    - Folly (= 2020.01.13.00)
    - glog
    - React-cxxreact (= 0.63.2)
    - React-jsi (= 0.63.2)
    - React-jsiexecutor (= 0.63.2)
    - Yoga
  - React-Core/DevSupport (0.63.2):
    - Folly (= 2020.01.13.00)
    - glog
    - React-Core/Default (= 0.63.2)
    - React-Core/RCTWebSocket (= 0.63.2)
    - React-cxxreact (= 0.63.2)
    - React-jsi (= 0.63.2)
    - React-jsiexecutor (= 0.63.2)
    - React-jsinspector (= 0.63.2)
    - Yoga
  - React-Core/RCTActionSheetHeaders (0.63.2):
    - Folly (= 2020.01.13.00)
    - glog
    - React-Core/Default
    - React-cxxreact (= 0.63.2)
    - React-jsi (= 0.63.2)
    - React-jsiexecutor (= 0.63.2)
    - Yoga
  - React-Core/RCTAnimationHeaders (0.63.2):
    - Folly (= 2020.01.13.00)
    - glog
    - React-Core/Default
    - React-cxxreact (= 0.63.2)
    - React-jsi (= 0.63.2)
    - React-jsiexecutor (= 0.63.2)
    - Yoga
  - React-Core/RCTBlobHeaders (0.63.2):
    - Folly (= 2020.01.13.00)
    - glog
    - React-Core/Default
    - React-cxxreact (= 0.63.2)
    - React-jsi (= 0.63.2)
    - React-jsiexecutor (= 0.63.2)
    - Yoga
  - React-Core/RCTImageHeaders (0.63.2):
    - Folly (= 2020.01.13.00)
    - glog
    - React-Core/Default
    - React-cxxreact (= 0.63.2)
    - React-jsi (= 0.63.2)
    - React-jsiexecutor (= 0.63.2)
    - Yoga
  - React-Core/RCTLinkingHeaders (0.63.2):
    - Folly (= 2020.01.13.00)
    - glog
    - React-Core/Default
    - React-cxxreact (= 0.63.2)
    - React-jsi (= 0.63.2)
    - React-jsiexecutor (= 0.63.2)
    - Yoga
  - React-Core/RCTNetworkHeaders (0.63.2):
    - Folly (= 2020.01.13.00)
    - glog
    - React-Core/Default
    - React-cxxreact (= 0.63.2)
    - React-jsi (= 0.63.2)
    - React-jsiexecutor (= 0.63.2)
    - Yoga
  - React-Core/RCTSettingsHeaders (0.63.2):
    - Folly (= 2020.01.13.00)
    - glog
    - React-Core/Default
    - React-cxxreact (= 0.63.2)
    - React-jsi (= 0.63.2)
    - React-jsiexecutor (= 0.63.2)
    - Yoga
  - React-Core/RCTTextHeaders (0.63.2):
    - Folly (= 2020.01.13.00)
    - glog
    - React-Core/Default
    - React-cxxreact (= 0.63.2)
    - React-jsi (= 0.63.2)
    - React-jsiexecutor (= 0.63.2)
    - Yoga
  - React-Core/RCTVibrationHeaders (0.63.2):
    - Folly (= 2020.01.13.00)
    - glog
    - React-Core/Default
    - React-cxxreact (= 0.63.2)
    - React-jsi (= 0.63.2)
    - React-jsiexecutor (= 0.63.2)
    - Yoga
  - React-Core/RCTWebSocket (0.63.2):
    - Folly (= 2020.01.13.00)
    - glog
    - React-Core/Default (= 0.63.2)
    - React-cxxreact (= 0.63.2)
    - React-jsi (= 0.63.2)
    - React-jsiexecutor (= 0.63.2)
    - Yoga
  - React-CoreModules (0.63.2):
    - FBReactNativeSpec (= 0.63.2)
    - Folly (= 2020.01.13.00)
    - RCTTypeSafety (= 0.63.2)
    - React-Core/CoreModulesHeaders (= 0.63.2)
    - React-jsi (= 0.63.2)
    - React-RCTImage (= 0.63.2)
    - ReactCommon/turbomodule/core (= 0.63.2)
  - React-cxxreact (0.63.2):
    - boost-for-react-native (= 1.63.0)
    - DoubleConversion
    - Folly (= 2020.01.13.00)
    - glog
    - React-callinvoker (= 0.63.2)
    - React-jsinspector (= 0.63.2)
  - React-jsi (0.63.2):
    - boost-for-react-native (= 1.63.0)
    - DoubleConversion
    - Folly (= 2020.01.13.00)
    - glog
    - React-jsi/Default (= 0.63.2)
  - React-jsi/Default (0.63.2):
    - boost-for-react-native (= 1.63.0)
    - DoubleConversion
    - Folly (= 2020.01.13.00)
    - glog
  - React-jsiexecutor (0.63.2):
    - DoubleConversion
    - Folly (= 2020.01.13.00)
    - glog
    - React-cxxreact (= 0.63.2)
    - React-jsi (= 0.63.2)
  - React-jsinspector (0.63.2)
  - react-native-ble-plx (2.0.1):
    - MultiplatformBleAdapter (= 0.1.6)
    - React
  - react-native-camera (3.40.0):
    - React-Core
    - react-native-camera/RCT (= 3.40.0)
    - react-native-camera/RN (= 3.40.0)
  - react-native-camera/RCT (3.40.0):
    - React-Core
  - react-native-camera/RN (3.40.0):
    - React-Core
  - react-native-notifications (3.3.4):
    - React
  - react-native-peripheral (0.0.3):
    - PromisesObjC
    - React
  - react-native-safe-area-context (3.1.8):
    - React-Core
  - React-RCTActionSheet (0.63.2):
    - React-Core/RCTActionSheetHeaders (= 0.63.2)
  - React-RCTAnimation (0.63.2):
    - FBReactNativeSpec (= 0.63.2)
    - Folly (= 2020.01.13.00)
    - RCTTypeSafety (= 0.63.2)
    - React-Core/RCTAnimationHeaders (= 0.63.2)
    - React-jsi (= 0.63.2)
    - ReactCommon/turbomodule/core (= 0.63.2)
  - React-RCTBlob (0.63.2):
    - FBReactNativeSpec (= 0.63.2)
    - Folly (= 2020.01.13.00)
    - React-Core/RCTBlobHeaders (= 0.63.2)
    - React-Core/RCTWebSocket (= 0.63.2)
    - React-jsi (= 0.63.2)
    - React-RCTNetwork (= 0.63.2)
    - ReactCommon/turbomodule/core (= 0.63.2)
  - React-RCTImage (0.63.2):
    - FBReactNativeSpec (= 0.63.2)
    - Folly (= 2020.01.13.00)
    - RCTTypeSafety (= 0.63.2)
    - React-Core/RCTImageHeaders (= 0.63.2)
    - React-jsi (= 0.63.2)
    - React-RCTNetwork (= 0.63.2)
    - ReactCommon/turbomodule/core (= 0.63.2)
  - React-RCTLinking (0.63.2):
    - FBReactNativeSpec (= 0.63.2)
    - React-Core/RCTLinkingHeaders (= 0.63.2)
    - React-jsi (= 0.63.2)
    - ReactCommon/turbomodule/core (= 0.63.2)
  - React-RCTNetwork (0.63.2):
    - FBReactNativeSpec (= 0.63.2)
    - Folly (= 2020.01.13.00)
    - RCTTypeSafety (= 0.63.2)
    - React-Core/RCTNetworkHeaders (= 0.63.2)
    - React-jsi (= 0.63.2)
    - ReactCommon/turbomodule/core (= 0.63.2)
  - React-RCTSettings (0.63.2):
    - FBReactNativeSpec (= 0.63.2)
    - Folly (= 2020.01.13.00)
    - RCTTypeSafety (= 0.63.2)
    - React-Core/RCTSettingsHeaders (= 0.63.2)
    - React-jsi (= 0.63.2)
    - ReactCommon/turbomodule/core (= 0.63.2)
  - React-RCTText (0.63.2):
    - React-Core/RCTTextHeaders (= 0.63.2)
  - React-RCTVibration (0.63.2):
    - FBReactNativeSpec (= 0.63.2)
    - Folly (= 2020.01.13.00)
    - React-Core/RCTVibrationHeaders (= 0.63.2)
    - React-jsi (= 0.63.2)
    - ReactCommon/turbomodule/core (= 0.63.2)
  - ReactCommon/turbomodule/core (0.63.2):
    - DoubleConversion
    - Folly (= 2020.01.13.00)
    - glog
    - React-callinvoker (= 0.63.2)
    - React-Core (= 0.63.2)
    - React-cxxreact (= 0.63.2)
    - React-jsi (= 0.63.2)
  - RNCMaskedView (0.1.10):
    - React
  - RNGestureHandler (1.8.0):
    - React
  - RNPermissions (2.2.2):
    - React-Core
  - RNReanimated (1.13.1):
    - React
  - RNScreens (2.11.0):
    - React
  - RNVectorIcons (7.1.0):
    - React
  - UMAppLoader (1.3.0)
  - UMBarCodeScannerInterface (5.3.0)
  - UMCameraInterface (5.3.0)
  - UMConstantsInterface (5.3.0)
  - UMCore (5.5.1)
  - UMFaceDetectorInterface (5.3.0)
  - UMFileSystemInterface (5.3.0)
  - UMFontInterface (5.3.0)
  - UMImageLoaderInterface (5.3.0)
  - UMPermissionsInterface (5.3.0):
    - UMCore
  - UMReactNativeAdapter (5.6.0):
    - React-Core
    - UMCore
    - UMFontInterface
  - UMSensorsInterface (5.3.0)
  - UMTaskManagerInterface (5.3.0)
  - Yoga (1.14.0)

DEPENDENCIES:
  - BVLinearGradient (from `../node_modules/react-native-linear-gradient`)
  - DoubleConversion (from `../node_modules/react-native/third-party-podspecs/DoubleConversion.podspec`)
  - EXConstants (from `../node_modules/expo-constants/ios`)
  - EXFileSystem (from `../node_modules/expo-file-system/ios`)
  - EXImageLoader (from `../node_modules/expo-image-loader/ios`)
  - EXPermissions (from `../node_modules/expo-permissions/ios`)
  - EXSecureStore (from `../node_modules/expo-secure-store/ios`)
  - FBLazyVector (from `../node_modules/react-native/Libraries/FBLazyVector`)
  - FBReactNativeSpec (from `../node_modules/react-native/Libraries/FBReactNativeSpec`)
  - Folly (from `../node_modules/react-native/third-party-podspecs/Folly.podspec`)
  - glog (from `../node_modules/react-native/third-party-podspecs/glog.podspec`)
  - Permission-Camera (from `../node_modules/react-native-permissions/ios/Camera.podspec`)
  - RCTRequired (from `../node_modules/react-native/Libraries/RCTRequired`)
  - RCTTypeSafety (from `../node_modules/react-native/Libraries/TypeSafety`)
  - React (from `../node_modules/react-native/`)
  - React-callinvoker (from `../node_modules/react-native/ReactCommon/callinvoker`)
  - React-Core (from `../node_modules/react-native/`)
  - React-Core/DevSupport (from `../node_modules/react-native/`)
  - React-Core/RCTWebSocket (from `../node_modules/react-native/`)
  - React-CoreModules (from `../node_modules/react-native/React/CoreModules`)
  - React-cxxreact (from `../node_modules/react-native/ReactCommon/cxxreact`)
  - React-jsi (from `../node_modules/react-native/ReactCommon/jsi`)
  - React-jsiexecutor (from `../node_modules/react-native/ReactCommon/jsiexecutor`)
  - React-jsinspector (from `../node_modules/react-native/ReactCommon/jsinspector`)
  - react-native-ble-plx (from `../node_modules/react-native-ble-plx`)
  - react-native-camera (from `../node_modules/react-native-camera`)
  - react-native-notifications (from `../node_modules/react-native-notifications`)
  - react-native-peripheral (from `../node_modules/react-native-peripheral`)
  - react-native-safe-area-context (from `../node_modules/react-native-safe-area-context`)
  - React-RCTActionSheet (from `../node_modules/react-native/Libraries/ActionSheetIOS`)
  - React-RCTAnimation (from `../node_modules/react-native/Libraries/NativeAnimation`)
  - React-RCTBlob (from `../node_modules/react-native/Libraries/Blob`)
  - React-RCTImage (from `../node_modules/react-native/Libraries/Image`)
  - React-RCTLinking (from `../node_modules/react-native/Libraries/LinkingIOS`)
  - React-RCTNetwork (from `../node_modules/react-native/Libraries/Network`)
  - React-RCTSettings (from `../node_modules/react-native/Libraries/Settings`)
  - React-RCTText (from `../node_modules/react-native/Libraries/Text`)
  - React-RCTVibration (from `../node_modules/react-native/Libraries/Vibration`)
  - ReactCommon/turbomodule/core (from `../node_modules/react-native/ReactCommon`)
  - "RNCMaskedView (from `../node_modules/@react-native-community/masked-view`)"
  - RNGestureHandler (from `../node_modules/react-native-gesture-handler`)
  - RNPermissions (from `../node_modules/react-native-permissions`)
  - RNReanimated (from `../node_modules/react-native-reanimated`)
  - RNScreens (from `../node_modules/react-native-screens`)
  - RNVectorIcons (from `../node_modules/react-native-vector-icons`)
  - UMAppLoader (from `../node_modules/unimodules-app-loader/ios`)
  - UMBarCodeScannerInterface (from `../node_modules/unimodules-barcode-scanner-interface/ios`)
  - UMCameraInterface (from `../node_modules/unimodules-camera-interface/ios`)
  - UMConstantsInterface (from `../node_modules/unimodules-constants-interface/ios`)
  - "UMCore (from `../node_modules/@unimodules/core/ios`)"
  - UMFaceDetectorInterface (from `../node_modules/unimodules-face-detector-interface/ios`)
  - UMFileSystemInterface (from `../node_modules/unimodules-file-system-interface/ios`)
  - UMFontInterface (from `../node_modules/unimodules-font-interface/ios`)
  - UMImageLoaderInterface (from `../node_modules/unimodules-image-loader-interface/ios`)
  - UMPermissionsInterface (from `../node_modules/unimodules-permissions-interface/ios`)
  - "UMReactNativeAdapter (from `../node_modules/@unimodules/react-native-adapter/ios`)"
  - UMSensorsInterface (from `../node_modules/unimodules-sensors-interface/ios`)
  - UMTaskManagerInterface (from `../node_modules/unimodules-task-manager-interface/ios`)
  - Yoga (from `../node_modules/react-native/ReactCommon/yoga`)

SPEC REPOS:
  trunk:
    - boost-for-react-native
    - MultiplatformBleAdapter
    - PromisesObjC

EXTERNAL SOURCES:
  BVLinearGradient:
    :path: "../node_modules/react-native-linear-gradient"
  DoubleConversion:
    :podspec: "../node_modules/react-native/third-party-podspecs/DoubleConversion.podspec"
  EXConstants:
    :path: "../node_modules/expo-constants/ios"
  EXFileSystem:
    :path: "../node_modules/expo-file-system/ios"
  EXImageLoader:
    :path: "../node_modules/expo-image-loader/ios"
  EXPermissions:
    :path: "../node_modules/expo-permissions/ios"
  EXSecureStore:
    :path: "../node_modules/expo-secure-store/ios"
  FBLazyVector:
    :path: "../node_modules/react-native/Libraries/FBLazyVector"
  FBReactNativeSpec:
    :path: "../node_modules/react-native/Libraries/FBReactNativeSpec"
  Folly:
    :podspec: "../node_modules/react-native/third-party-podspecs/Folly.podspec"
  glog:
    :podspec: "../node_modules/react-native/third-party-podspecs/glog.podspec"
  Permission-Camera:
    :path: "../node_modules/react-native-permissions/ios/Camera.podspec"
  RCTRequired:
    :path: "../node_modules/react-native/Libraries/RCTRequired"
  RCTTypeSafety:
    :path: "../node_modules/react-native/Libraries/TypeSafety"
  React:
    :path: "../node_modules/react-native/"
  React-callinvoker:
    :path: "../node_modules/react-native/ReactCommon/callinvoker"
  React-Core:
    :path: "../node_modules/react-native/"
  React-CoreModules:
    :path: "../node_modules/react-native/React/CoreModules"
  React-cxxreact:
    :path: "../node_modules/react-native/ReactCommon/cxxreact"
  React-jsi:
    :path: "../node_modules/react-native/ReactCommon/jsi"
  React-jsiexecutor:
    :path: "../node_modules/react-native/ReactCommon/jsiexecutor"
  React-jsinspector:
    :path: "../node_modules/react-native/ReactCommon/jsinspector"
  react-native-ble-plx:
    :path: "../node_modules/react-native-ble-plx"
  react-native-camera:
    :path: "../node_modules/react-native-camera"
  react-native-notifications:
    :path: "../node_modules/react-native-notifications"
  react-native-peripheral:
    :path: "../node_modules/react-native-peripheral"
  react-native-safe-area-context:
    :path: "../node_modules/react-native-safe-area-context"
  React-RCTActionSheet:
    :path: "../node_modules/react-native/Libraries/ActionSheetIOS"
  React-RCTAnimation:
    :path: "../node_modules/react-native/Libraries/NativeAnimation"
  React-RCTBlob:
    :path: "../node_modules/react-native/Libraries/Blob"
  React-RCTImage:
    :path: "../node_modules/react-native/Libraries/Image"
  React-RCTLinking:
    :path: "../node_modules/react-native/Libraries/LinkingIOS"
  React-RCTNetwork:
    :path: "../node_modules/react-native/Libraries/Network"
  React-RCTSettings:
    :path: "../node_modules/react-native/Libraries/Settings"
  React-RCTText:
    :path: "../node_modules/react-native/Libraries/Text"
  React-RCTVibration:
    :path: "../node_modules/react-native/Libraries/Vibration"
  ReactCommon:
    :path: "../node_modules/react-native/ReactCommon"
  RNCMaskedView:
    :path: "../node_modules/@react-native-community/masked-view"
  RNGestureHandler:
    :path: "../node_modules/react-native-gesture-handler"
  RNPermissions:
    :path: "../node_modules/react-native-permissions"
  RNReanimated:
    :path: "../node_modules/react-native-reanimated"
  RNScreens:
    :path: "../node_modules/react-native-screens"
  RNVectorIcons:
    :path: "../node_modules/react-native-vector-icons"
  UMAppLoader:
    :path: "../node_modules/unimodules-app-loader/ios"
  UMBarCodeScannerInterface:
    :path: "../node_modules/unimodules-barcode-scanner-interface/ios"
  UMCameraInterface:
    :path: "../node_modules/unimodules-camera-interface/ios"
  UMConstantsInterface:
    :path: "../node_modules/unimodules-constants-interface/ios"
  UMCore:
    :path: "../node_modules/@unimodules/core/ios"
  UMFaceDetectorInterface:
    :path: "../node_modules/unimodules-face-detector-interface/ios"
  UMFileSystemInterface:
    :path: "../node_modules/unimodules-file-system-interface/ios"
  UMFontInterface:
    :path: "../node_modules/unimodules-font-interface/ios"
  UMImageLoaderInterface:
    :path: "../node_modules/unimodules-image-loader-interface/ios"
  UMPermissionsInterface:
    :path: "../node_modules/unimodules-permissions-interface/ios"
  UMReactNativeAdapter:
    :path: "../node_modules/@unimodules/react-native-adapter/ios"
  UMSensorsInterface:
    :path: "../node_modules/unimodules-sensors-interface/ios"
  UMTaskManagerInterface:
    :path: "../node_modules/unimodules-task-manager-interface/ios"
  Yoga:
    :path: "../node_modules/react-native/ReactCommon/yoga"

SPEC CHECKSUMS:
  boost-for-react-native: 39c7adb57c4e60d6c5479dd8623128eb5b3f0f2c
  BVLinearGradient: e3aad03778a456d77928f594a649e96995f1c872
  DoubleConversion: cde416483dac037923206447da6e1454df403714
  EXConstants: f486f6b4a36b86e47ab258d4d2b7b2699786fdce
  EXFileSystem: afe9b1fd937d30270bf5108ba44e2f4a1d1ad694
  EXImageLoader: 7153fb1307ac643299a9072b71da0d276f4c7789
  EXPermissions: 30cbe5b72bd209b65c00884180ad058a60bb413d
  EXSecureStore: 579cbccd9cd093e6f4336aba073b059008bd78e0
  FBLazyVector: 3ef4a7f62e7db01092f9d517d2ebc0d0677c4a37
  FBReactNativeSpec: dc7fa9088f0f2a998503a352b0554d69a4391c5a
  Folly: b73c3869541e86821df3c387eb0af5f65addfab4
  glog: 40a13f7840415b9a77023fbcae0f1e6f43192af3
  MultiplatformBleAdapter: 652f47ecd7f5036756517cf66833210709a72eab
  Permission-Camera: 5d2aaf95592660b6dcb5e8d1d90ed5d0156cad02
  PromisesObjC: 8c196f5a328c2cba3e74624585467a557dcb482f
  RCTRequired: f13f25e7b12f925f1f6a6a8c69d929a03c0129fe
  RCTTypeSafety: 44982c5c8e43ff4141eb519a8ddc88059acd1f3a
  React: e1c65dd41cb9db13b99f24608e47dd595f28ca9a
  React-callinvoker: 552a6a6bc8b3bb794cf108ad59e5a9e2e3b4fc98
  React-Core: 9d341e725dc9cd2f49e4c49ad1fc4e8776aa2639
  React-CoreModules: 5335e168165da7f7083ce7147768d36d3e292318
  React-cxxreact: d3261ec5f7d11743fbf21e263a34ea51d1f13ebc
  React-jsi: 54245e1d5f4b690dec614a73a3795964eeef13a8
  React-jsiexecutor: 8ca588cc921e70590820ce72b8789b02c67cce38
  React-jsinspector: b14e62ebe7a66e9231e9581279909f2fc3db6606
  react-native-ble-plx: d8dcca81ecc617eda824a4ace85f7ffd55d90c6c
  react-native-camera: 35854c4f764a4a6cf61c1c3525888b92f0fe4b31
  react-native-notifications: 09086eb278cde6ccb463fe5f1dbd57e315c7f642
  react-native-peripheral: ae61f4dcd31e46cf145ca91683c8227652e24f85
  react-native-safe-area-context: 79fea126c6830c85f65947c223a5e3058a666937
  React-RCTActionSheet: 910163b6b09685a35c4ebbc52b66d1bfbbe39fc5
  React-RCTAnimation: 9a883bbe1e9d2e158d4fb53765ed64c8dc2200c6
  React-RCTBlob: 39cf0ece1927996c4466510e25d2105f67010e13
  React-RCTImage: de355d738727b09ad3692f2a979affbd54b5f378
  React-RCTLinking: 8122f221d395a63364b2c0078ce284214bd04575
  React-RCTNetwork: 8f96c7b49ea6a0f28f98258f347b6ad218bc0830
  React-RCTSettings: 8a49622aff9c1925f5455fa340b6fe4853d64ab6
  React-RCTText: 1b6773e776e4b33f90468c20fe3b16ca3e224bb8
  React-RCTVibration: 4d2e726957f4087449739b595f107c0d4b6c2d2d
  ReactCommon: a0a1edbebcac5e91338371b72ffc66aa822792ce
  RNCMaskedView: 5a8ec07677aa885546a0d98da336457e2bea557f
  RNGestureHandler: 7a5833d0f788dbd107fbb913e09aa0c1ff333c39
  RNPermissions: 5df468064df661a4c8c017e2791ce90d7695eea5
  RNReanimated: dd8c286ab5dd4ba36d3a7fef8bff7e08711b5476
  RNScreens: 0e91da98ab26d5d04c7b59a9b6bd694124caf88c
  RNVectorIcons: bc69e6a278b14842063605de32bec61f0b251a59
  UMAppLoader: 5db5dc03176c6238da9c8b3657a370137882a4ad
  UMBarCodeScannerInterface: 017672479f93de88d94c3a50dfb66b5348b65989
  UMCameraInterface: 22bd2c4bf15dcf68530368fa5704af7490818457
  UMConstantsInterface: ff612789417aace6fd01a9c35616bc87dcdc8d97
  UMCore: 94e4725ab2efbbe247b5910a2a954a2dab64f7eb
  UMFaceDetectorInterface: 9bc6a197ad9d4d16ba13bfdf2340dd7f24964308
  UMFileSystemInterface: e7795274eee76beaadaf6015bcc7f5da3054b925
  UMFontInterface: bc5dd878b2f6fffdac80e41fd36893c619683712
  UMImageLoaderInterface: 78ab0fd45c2bcaee61957fa23858bf31f2bcb122
  UMPermissionsInterface: 4f21b0c2aaf953cf041109ff44231b2a69e22836
  UMReactNativeAdapter: 61ae88818058b7849bbf5b79bf97872cb3c8e0eb
  UMSensorsInterface: 49bea41dcfcc041f0bbab27cfe4a6006f1dde0c0
  UMTaskManagerInterface: 6cad5929dbc0a5b986ad4d77caac497d4de730a7
  Yoga: 7740b94929bbacbddda59bf115b5317e9a161598

PODFILE CHECKSUM: f92cb0adeba5e80ac4b2170a210c2451b7e3fe96

COCOAPODS: 1.9.1
